
Microsoft Visual Studio Solution File, Format Version 12.00
# Visual Studio 2013
VisualStudioVersion = 12.0.31101.0
MinimumVisualStudioVersion = 10.0.40219.1
Project("{FAE04EC0-301F-11D3-BF4B-00C04F79EFBC}") = "HazardShield", "HazardShield\HazardShield.csproj", "{3D5A67F2-2BE7-441E-9E94-A3385648836A}"
EndProject
Project("{FAE04EC0-301F-11D3-BF4B-00C04F79EFBC}") = "HazardShieldUI", "HazardShieldUI\HazardShieldUI.csproj", "{388FE61D-71F0-41CB-B04D-97FBE371470A}"
	ProjectSection(ProjectDependencies) = postProject
		{3D5A67F2-2BE7-441E-9E94-A3385648836A} = {3D5A67F2-2BE7-441E-9E94-A3385648836A}
	EndProjectSection
EndProject
Global
	GlobalSection(SolutionConfigurationPlatforms) = preSolution
		Debug|Any CPU = Debug|Any CPU
		Debug|x86 = Debug|x86
		Release|Any CPU = Release|Any CPU
		Release|x86 = Release|x86
	EndGlobalSection
	GlobalSection(ProjectConfigurationPlatforms) = postSolution
		{3D5A67F2-2BE7-441E-9E94-A3385648836A}.Debug|Any CPU.ActiveCfg = Debug|Any CPU
		{3D5A67F2-2BE7-441E-9E94-A3385648836A}.Debug|Any CPU.Build.0 = Debug|Any CPU
		{3D5A67F2-2BE7-441E-9E94-A3385648836A}.Debug|x86.ActiveCfg = Debug|x86
		{3D5A67F2-2BE7-441E-9E94-A3385648836A}.Debug|x86.Build.0 = Debug|x86
		{3D5A67F2-2BE7-441E-9E94-A3385648836A}.Release|Any CPU.ActiveCfg = Release|Any CPU
		{3D5A67F2-2BE7-441E-9E94-A3385648836A}.Release|Any CPU.Build.0 = Release|Any CPU
		{3D5A67F2-2BE7-441E-9E94-A3385648836A}.Release|x86.ActiveCfg = Release|x86
		{3D5A67F2-2BE7-441E-9E94-A3385648836A}.Release|x86.Build.0 = Release|x86
		{388FE61D-71F0-41CB-B04D-97FBE371470A}.Debug|Any CPU.ActiveCfg = Debug|Any CPU
		{388FE61D-71F0-41CB-B04D-97FBE371470A}.Debug|Any CPU.Build.0 = Debug|Any CPU
		{388FE61D-71F0-41CB-B04D-97FBE371470A}.Debug|x86.ActiveCfg = Debug|x86
		{388FE61D-71F0-41CB-B04D-97FBE371470A}.Debug|x86.Build.0 = Debug|x86
		{388FE61D-71F0-41CB-B04D-97FBE371470A}.Release|Any CPU.ActiveCfg = Release|Any CPU
		{388FE61D-71F0-41CB-B04D-97FBE371470A}.Release|Any CPU.Build.0 = Release|Any CPU
		{388FE61D-71F0-41CB-B04D-97FBE371470A}.Release|x86.ActiveCfg = Release|x86
		{388FE61D-71F0-41CB-B04D-97FBE371470A}.Release|x86.Build.0 = Release|x86
	EndGlobalSection
	GlobalSection(SolutionProperties) = preSolution
		HideSolutionNode = FALSE
	EndGlobalSection
EndGlobal
