<?xml version="1.0" encoding="utf-8"?>
<Project ToolsVersion="4.0" xmlns="http://schemas.microsoft.com/developer/msbuild/2003">
  <ItemGroup>
    <Filter Include="Resource Files">
      <UniqueIdentifier>{67DA6AB6-F800-4c08-8B7A-83BB121AAD01}</UniqueIdentifier>
      <Extensions>rc;ico;cur;bmp;dlg;rc2;rct;bin;rgs;gif;jpg;jpeg;jpe;resx;tiff;tif;png;wav;mfcribbon-ms</Extensions>
    </Filter>
    <Filter Include="LibNTFS">
      <UniqueIdentifier>{e70a3502-1a82-4f5b-b176-3dcc6cea6f98}</UniqueIdentifier>
    </Filter>
    <Filter Include="ClamAV">
      <UniqueIdentifier>{b66d0c27-a73a-449f-9662-d3bba29c95ab}</UniqueIdentifier>
    </Filter>
    <Filter Include="Scanner">
      <UniqueIdentifier>{e0749ec6-9119-4889-a2a4-0515868fc9da}</UniqueIdentifier>
    </Filter>
    <Filter Include="Core">
      <UniqueIdentifier>{98f182d7-a645-4fa9-b505-f89b6fcac316}</UniqueIdentifier>
    </Filter>
  </ItemGroup>
  <ItemGroup>
    <ClInclude Include="Ntfs.h">
      <Filter>LibNTFS</Filter>
    </ClInclude>
    <ClInclude Include="clamav.h">
      <Filter>ClamAV</Filter>
    </ClInclude>
    <ClInclude Include="ossl_typ.h">
      <Filter>ClamAV</Filter>
    </ClInclude>
    <ClInclude Include="Scanner.h">
      <Filter>Scanner</Filter>
    </ClInclude>
    <ClInclude Include="resource.h" />
    <ClInclude Include="Memory.h">
      <Filter>Scanner</Filter>
    </ClInclude>
    <ClInclude Include="List.h">
      <Filter>Core</Filter>
    </ClInclude>
    <ClInclude Include="Base.h">
      <Filter>Core</Filter>
    </ClInclude>
    <ClInclude Include="Reference.h">
      <Filter>Core</Filter>
    </ClInclude>
  </ItemGroup>
  <ItemGroup>
    <ClCompile Include="Ntfs.c">
      <Filter>LibNTFS</Filter>
    </ClCompile>
    <ClCompile Include="Scanner.c">
      <Filter>Scanner</Filter>
    </ClCompile>
    <ClCompile Include="Memory.c">
      <Filter>Scanner</Filter>
    </ClCompile>
    <ClCompile Include="List.c">
      <Filter>Core</Filter>
    </ClCompile>
    <ClCompile Include="Reference.c">
      <Filter>Core</Filter>
    </ClCompile>
  </ItemGroup>
  <ItemGroup>
    <ResourceCompile Include="HzrCore.rc">
      <Filter>Resource Files</Filter>
    </ResourceCompile>
  </ItemGroup>
</Project>