<?xml version="1.0" encoding="utf-8"?>
<Project ToolsVersion="4.0" xmlns="http://schemas.microsoft.com/developer/msbuild/2003">
  <ItemGroup>
    <Filter Include="Resource Files">
      <UniqueIdentifier>{67DA6AB6-F800-4c08-8B7A-83BB121AAD01}</UniqueIdentifier>
      <Extensions>rc;ico;cur;bmp;dlg;rc2;rct;bin;rgs;gif;jpg;jpeg;jpe;resx;tiff;tif;png;wav;mfcribbon-ms</Extensions>
    </Filter>
    <Filter Include="ClamAV">
      <UniqueIdentifier>{c3dbb848-aae9-4365-9b9d-83ced6159a0e}</UniqueIdentifier>
    </Filter>
    <Filter Include="Scanner">
      <UniqueIdentifier>{778dcbe4-667e-43cc-90cc-406197000349}</UniqueIdentifier>
    </Filter>
    <Filter Include="Scanner\FileAccess">
      <UniqueIdentifier>{e01ad2e1-42f9-4e4c-9e3d-ab7f9529f7ba}</UniqueIdentifier>
    </Filter>
    <Filter Include="LibNTFS">
      <UniqueIdentifier>{181f2787-82db-4698-8106-44a5fca2c03e}</UniqueIdentifier>
    </Filter>
  </ItemGroup>
  <ItemGroup>
    <ClCompile Include="Scanner.cpp">
      <Filter>Scanner</Filter>
    </ClCompile>
    <ClCompile Include="NtfsFileToken.cpp">
      <Filter>Scanner\FileAccess</Filter>
    </ClCompile>
    <ClCompile Include="Ntfs.c">
      <Filter>LibNTFS</Filter>
    </ClCompile>
    <ClCompile Include="NtfsVolume.cpp">
      <Filter>Scanner\FileAccess</Filter>
    </ClCompile>
  </ItemGroup>
  <ItemGroup>
    <ClInclude Include="resource.h" />
    <ClInclude Include="clamav.h">
      <Filter>ClamAV</Filter>
    </ClInclude>
    <ClInclude Include="ossl_typ.h">
      <Filter>ClamAV</Filter>
    </ClInclude>
    <ClInclude Include="Scanner.h">
      <Filter>Scanner</Filter>
    </ClInclude>
    <ClInclude Include="ClamDefs.h">
      <Filter>Scanner</Filter>
    </ClInclude>
    <ClInclude Include="FileToken.h">
      <Filter>Scanner\FileAccess</Filter>
    </ClInclude>
    <ClInclude Include="NtfsFileToken.h">
      <Filter>Scanner\FileAccess</Filter>
    </ClInclude>
    <ClInclude Include="Ntfs.h">
      <Filter>LibNTFS</Filter>
    </ClInclude>
    <ClInclude Include="NtfsVolume.h">
      <Filter>Scanner\FileAccess</Filter>
    </ClInclude>
  </ItemGroup>
  <ItemGroup>
    <ResourceCompile Include="HzrCore.rc">
      <Filter>Resource Files</Filter>
    </ResourceCompile>
  </ItemGroup>
</Project>