
Microsoft Visual Studio Solution File, Format Version 12.00
# Visual Studio 2013
VisualStudioVersion = 12.0.31101.0
MinimumVisualStudioVersion = 10.0.40219.1
Project("{8BC9CEB8-8B4A-11D0-8D11-00A0C91BC942}") = "HsCore", "HsCore\HsCore.vcxproj", "{5E25F565-F8CD-461E-8743-895A3C9243B5}"
EndProject
Project("{8BC9CEB8-8B4A-11D0-8D11-00A0C91BC942}") = "HsService", "HsService\HsService.vcxproj", "{9393AB8E-ABFD-4783-BF3A-464FD966C465}"
EndProject
Project("{8BC9CEB8-8B4A-11D0-8D11-00A0C91BC942}") = "phlib", "phlib\phlib.vcxproj", "{477D0215-F252-41A1-874B-F27E3EA1ED17}"
EndProject
Global
	GlobalSection(SolutionConfigurationPlatforms) = preSolution
		Debug|Win32 = Debug|Win32
		Debug|x64 = Debug|x64
		Release|Win32 = Release|Win32
		Release|x64 = Release|x64
	EndGlobalSection
	GlobalSection(ProjectConfigurationPlatforms) = postSolution
		{5E25F565-F8CD-461E-8743-895A3C9243B5}.Debug|Win32.ActiveCfg = Debug|Win32
		{5E25F565-F8CD-461E-8743-895A3C9243B5}.Debug|Win32.Build.0 = Debug|Win32
		{5E25F565-F8CD-461E-8743-895A3C9243B5}.Debug|x64.ActiveCfg = Debug|x64
		{5E25F565-F8CD-461E-8743-895A3C9243B5}.Debug|x64.Build.0 = Debug|x64
		{5E25F565-F8CD-461E-8743-895A3C9243B5}.Release|Win32.ActiveCfg = Release|Win32
		{5E25F565-F8CD-461E-8743-895A3C9243B5}.Release|Win32.Build.0 = Release|Win32
		{5E25F565-F8CD-461E-8743-895A3C9243B5}.Release|x64.ActiveCfg = Release|x64
		{5E25F565-F8CD-461E-8743-895A3C9243B5}.Release|x64.Build.0 = Release|x64
		{9393AB8E-ABFD-4783-BF3A-464FD966C465}.Debug|Win32.ActiveCfg = Debug|Win32
		{9393AB8E-ABFD-4783-BF3A-464FD966C465}.Debug|Win32.Build.0 = Debug|Win32
		{9393AB8E-ABFD-4783-BF3A-464FD966C465}.Debug|x64.ActiveCfg = Debug|x64
		{9393AB8E-ABFD-4783-BF3A-464FD966C465}.Debug|x64.Build.0 = Debug|x64
		{9393AB8E-ABFD-4783-BF3A-464FD966C465}.Release|Win32.ActiveCfg = Release|Win32
		{9393AB8E-ABFD-4783-BF3A-464FD966C465}.Release|Win32.Build.0 = Release|Win32
		{9393AB8E-ABFD-4783-BF3A-464FD966C465}.Release|x64.ActiveCfg = Release|x64
		{9393AB8E-ABFD-4783-BF3A-464FD966C465}.Release|x64.Build.0 = Release|x64
		{477D0215-F252-41A1-874B-F27E3EA1ED17}.Debug|Win32.ActiveCfg = Debug|Win32
		{477D0215-F252-41A1-874B-F27E3EA1ED17}.Debug|Win32.Build.0 = Debug|Win32
		{477D0215-F252-41A1-874B-F27E3EA1ED17}.Debug|x64.ActiveCfg = Debug|x64
		{477D0215-F252-41A1-874B-F27E3EA1ED17}.Debug|x64.Build.0 = Debug|x64
		{477D0215-F252-41A1-874B-F27E3EA1ED17}.Release|Win32.ActiveCfg = Release|Win32
		{477D0215-F252-41A1-874B-F27E3EA1ED17}.Release|Win32.Build.0 = Release|Win32
		{477D0215-F252-41A1-874B-F27E3EA1ED17}.Release|x64.ActiveCfg = Release|x64
		{477D0215-F252-41A1-874B-F27E3EA1ED17}.Release|x64.Build.0 = Release|x64
	EndGlobalSection
	GlobalSection(SolutionProperties) = preSolution
		HideSolutionNode = FALSE
	EndGlobalSection
EndGlobal
