
Microsoft Visual Studio Solution File, Format Version 12.00
# Visual Studio 2013
VisualStudioVersion = 12.0.31101.0
MinimumVisualStudioVersion = 10.0.40219.1
Project("{8BC9CEB8-8B4A-11D0-8D11-00A0C91BC942}") = "HsCore", "HsCore\HsCore.vcxproj", "{5E25F565-F8CD-461E-8743-895A3C9243B5}"
EndProject
Project("{8BC9CEB8-8B4A-11D0-8D11-00A0C91BC942}") = "LibNTFS", "LibNTFS\LibNTFS.vcxproj", "{05F95546-0397-4F1E-BA26-7E961E8747E4}"
EndProject
Project("{8BC9CEB8-8B4A-11D0-8D11-00A0C91BC942}") = "HsService", "HsService\HsService.vcxproj", "{9393AB8E-ABFD-4783-BF3A-464FD966C465}"
EndProject
Global
	GlobalSection(SolutionConfigurationPlatforms) = preSolution
		Debug|Win32 = Debug|Win32
		Release|Win32 = Release|Win32
	EndGlobalSection
	GlobalSection(ProjectConfigurationPlatforms) = postSolution
		{5E25F565-F8CD-461E-8743-895A3C9243B5}.Debug|Win32.ActiveCfg = Debug|Win32
		{5E25F565-F8CD-461E-8743-895A3C9243B5}.Debug|Win32.Build.0 = Debug|Win32
		{5E25F565-F8CD-461E-8743-895A3C9243B5}.Release|Win32.ActiveCfg = Release|Win32
		{5E25F565-F8CD-461E-8743-895A3C9243B5}.Release|Win32.Build.0 = Release|Win32
		{05F95546-0397-4F1E-BA26-7E961E8747E4}.Debug|Win32.ActiveCfg = Debug|Win32
		{05F95546-0397-4F1E-BA26-7E961E8747E4}.Debug|Win32.Build.0 = Debug|Win32
		{05F95546-0397-4F1E-BA26-7E961E8747E4}.Release|Win32.ActiveCfg = Release|Win32
		{05F95546-0397-4F1E-BA26-7E961E8747E4}.Release|Win32.Build.0 = Release|Win32
		{9393AB8E-ABFD-4783-BF3A-464FD966C465}.Debug|Win32.ActiveCfg = Debug|Win32
		{9393AB8E-ABFD-4783-BF3A-464FD966C465}.Debug|Win32.Build.0 = Debug|Win32
		{9393AB8E-ABFD-4783-BF3A-464FD966C465}.Release|Win32.ActiveCfg = Release|Win32
		{9393AB8E-ABFD-4783-BF3A-464FD966C465}.Release|Win32.Build.0 = Release|Win32
	EndGlobalSection
	GlobalSection(SolutionProperties) = preSolution
		HideSolutionNode = FALSE
	EndGlobalSection
EndGlobal
