<?xml version="1.0" encoding="utf-8"?>
<Project ToolsVersion="4.0" xmlns="http://schemas.microsoft.com/developer/msbuild/2003">
  <ItemGroup>
    <Filter Include="Resource Files">
      <UniqueIdentifier>{67DA6AB6-F800-4c08-8B7A-83BB121AAD01}</UniqueIdentifier>
      <Extensions>rc;ico;cur;bmp;dlg;rc2;rct;bin;rgs;gif;jpg;jpeg;jpe;resx;tiff;tif;png;wav;mfcribbon-ms</Extensions>
    </Filter>
    <Filter Include="NTFS">
      <UniqueIdentifier>{2b9f8a3a-e309-483f-b7fc-c2db5fc14847}</UniqueIdentifier>
    </Filter>
    <Filter Include="Scanner">
      <UniqueIdentifier>{82e5a463-da7e-46ad-99ef-bf3f7e0f8d7a}</UniqueIdentifier>
    </Filter>
  </ItemGroup>
  <ItemGroup>
    <ClInclude Include="Ntfs.h">
      <Filter>NTFS</Filter>
    </ClInclude>
    <ClInclude Include="resource.h" />
    <ClInclude Include="Scanner.h">
      <Filter>Scanner</Filter>
    </ClInclude>
  </ItemGroup>
  <ItemGroup>
    <ClCompile Include="Ntfs.c">
      <Filter>NTFS</Filter>
    </ClCompile>
    <ClCompile Include="Scanner.c">
      <Filter>Scanner</Filter>
    </ClCompile>
  </ItemGroup>
  <ItemGroup>
    <ResourceCompile Include="HsCore.rc">
      <Filter>Resource Files</Filter>
    </ResourceCompile>
  </ItemGroup>
  <ItemGroup>
    <None Include="Exports.def">
      <Filter>Resource Files</Filter>
    </None>
  </ItemGroup>
</Project>