
Microsoft Visual Studio Solution File, Format Version 12.00
# Visual Studio 2013
VisualStudioVersion = 12.0.31101.0
MinimumVisualStudioVersion = 10.0.40219.1
Project("{8BC9CEB8-8B4A-11D0-8D11-00A0C91BC942}") = "HzrCore", "HzrCore\HzrCore.vcxproj", "{23933E5F-65F6-442C-9268-5BB39011DEE2}"
EndProject
Project("{8BC9CEB8-8B4A-11D0-8D11-00A0C91BC942}") = "HzrCoreTest", "HzrCoreTest\HzrCoreTest.vcxproj", "{10236705-A44C-45D3-8542-12C9D5739A6A}"
	ProjectSection(ProjectDependencies) = postProject
		{23933E5F-65F6-442C-9268-5BB39011DEE2} = {23933E5F-65F6-442C-9268-5BB39011DEE2}
	EndProjectSection
EndProject
Global
	GlobalSection(SolutionConfigurationPlatforms) = preSolution
		Debug|Win32 = Debug|Win32
		Debug|x64 = Debug|x64
		Release|Win32 = Release|Win32
		Release|x64 = Release|x64
	EndGlobalSection
	GlobalSection(ProjectConfigurationPlatforms) = postSolution
		{23933E5F-65F6-442C-9268-5BB39011DEE2}.Debug|Win32.ActiveCfg = Debug|Win32
		{23933E5F-65F6-442C-9268-5BB39011DEE2}.Debug|Win32.Build.0 = Debug|Win32
		{23933E5F-65F6-442C-9268-5BB39011DEE2}.Debug|x64.ActiveCfg = Debug|x64
		{23933E5F-65F6-442C-9268-5BB39011DEE2}.Debug|x64.Build.0 = Debug|x64
		{23933E5F-65F6-442C-9268-5BB39011DEE2}.Release|Win32.ActiveCfg = Release|Win32
		{23933E5F-65F6-442C-9268-5BB39011DEE2}.Release|Win32.Build.0 = Release|Win32
		{23933E5F-65F6-442C-9268-5BB39011DEE2}.Release|x64.ActiveCfg = Release|x64
		{23933E5F-65F6-442C-9268-5BB39011DEE2}.Release|x64.Build.0 = Release|x64
		{10236705-A44C-45D3-8542-12C9D5739A6A}.Debug|Win32.ActiveCfg = Debug|Win32
		{10236705-A44C-45D3-8542-12C9D5739A6A}.Debug|Win32.Build.0 = Debug|Win32
		{10236705-A44C-45D3-8542-12C9D5739A6A}.Debug|x64.ActiveCfg = Debug|x64
		{10236705-A44C-45D3-8542-12C9D5739A6A}.Debug|x64.Build.0 = Debug|x64
		{10236705-A44C-45D3-8542-12C9D5739A6A}.Release|Win32.ActiveCfg = Release|Win32
		{10236705-A44C-45D3-8542-12C9D5739A6A}.Release|Win32.Build.0 = Release|Win32
		{10236705-A44C-45D3-8542-12C9D5739A6A}.Release|x64.ActiveCfg = Release|x64
		{10236705-A44C-45D3-8542-12C9D5739A6A}.Release|x64.Build.0 = Release|x64
	EndGlobalSection
	GlobalSection(SolutionProperties) = preSolution
		HideSolutionNode = FALSE
	EndGlobalSection
EndGlobal
