
Microsoft Visual Studio Solution File, Format Version 12.00
# Visual Studio 2013
VisualStudioVersion = 12.0.31101.0
MinimumVisualStudioVersion = 10.0.40219.1
Project("{8BC9CEB8-8B4A-11D0-8D11-00A0C91BC942}") = "HzrCore", "HzrCore\HzrCore.vcxproj", "{63AA7071-92B3-47A7-B59D-29F4C761D841}"
EndProject
Project("{8BC9CEB8-8B4A-11D0-8D11-00A0C91BC942}") = "HzrCoreTest", "HzrCoreTest\HzrCoreTest.vcxproj", "{AF8BED56-339C-46B2-8A04-58E9105D2560}"
	ProjectSection(ProjectDependencies) = postProject
		{63AA7071-92B3-47A7-B59D-29F4C761D841} = {63AA7071-92B3-47A7-B59D-29F4C761D841}
	EndProjectSection
EndProject
Global
	GlobalSection(SolutionConfigurationPlatforms) = preSolution
		Debug|Win32 = Debug|Win32
		Debug|x64 = Debug|x64
		Release|Win32 = Release|Win32
		Release|x64 = Release|x64
	EndGlobalSection
	GlobalSection(ProjectConfigurationPlatforms) = postSolution
		{63AA7071-92B3-47A7-B59D-29F4C761D841}.Debug|Win32.ActiveCfg = Debug|Win32
		{63AA7071-92B3-47A7-B59D-29F4C761D841}.Debug|Win32.Build.0 = Debug|Win32
		{63AA7071-92B3-47A7-B59D-29F4C761D841}.Debug|x64.ActiveCfg = Debug|x64
		{63AA7071-92B3-47A7-B59D-29F4C761D841}.Debug|x64.Build.0 = Debug|x64
		{63AA7071-92B3-47A7-B59D-29F4C761D841}.Release|Win32.ActiveCfg = Release|Win32
		{63AA7071-92B3-47A7-B59D-29F4C761D841}.Release|Win32.Build.0 = Release|Win32
		{63AA7071-92B3-47A7-B59D-29F4C761D841}.Release|x64.ActiveCfg = Release|x64
		{63AA7071-92B3-47A7-B59D-29F4C761D841}.Release|x64.Build.0 = Release|x64
		{AF8BED56-339C-46B2-8A04-58E9105D2560}.Debug|Win32.ActiveCfg = Debug|Win32
		{AF8BED56-339C-46B2-8A04-58E9105D2560}.Debug|Win32.Build.0 = Debug|Win32
		{AF8BED56-339C-46B2-8A04-58E9105D2560}.Debug|x64.ActiveCfg = Debug|x64
		{AF8BED56-339C-46B2-8A04-58E9105D2560}.Debug|x64.Build.0 = Debug|x64
		{AF8BED56-339C-46B2-8A04-58E9105D2560}.Release|Win32.ActiveCfg = Release|Win32
		{AF8BED56-339C-46B2-8A04-58E9105D2560}.Release|Win32.Build.0 = Release|Win32
		{AF8BED56-339C-46B2-8A04-58E9105D2560}.Release|x64.ActiveCfg = Release|x64
		{AF8BED56-339C-46B2-8A04-58E9105D2560}.Release|x64.Build.0 = Release|x64
	EndGlobalSection
	GlobalSection(SolutionProperties) = preSolution
		HideSolutionNode = FALSE
	EndGlobalSection
EndGlobal
